{
  "name": "river-intro",
  "version": "0.0.0",
  "lockfileVersion": 3,
  "requires": true,
  "packages": {
    "": {
      "name": "river-intro",
      "version": "0.0.0",
      "devDependencies": {
        "@digital2analogue2/parsimony": "^0.1.1"
      }
    },
    "node_modules/@digital2analogue2/parsimony": {
      "version": "0.1.1",
      "resolved": "https://registry.npmjs.org/@digital2analogue2/parsimony/-/parsimony-0.1.1.tgz",
      "integrity": "sha512-Pl23bJLP4QLUYBkJiF8QTXmiVbnkl/x6cTBesinG5VWqN75wXXyl1pOx4/V24c0Mb8LXRyHFiq8WnN2Xljkcyg==",
      "dev": true,
      "license": "UNLICENSED"
    }
  }
}
